
Microsoft Visual Studio Solution File, Format Version 11.00
# Visual Studio 2010
Project("{FAE04EC0-301F-11D3-BF4B-00C04F79EFBC}") = "Assembly-CSharp", "Assembly-CSharp.csproj", "{59e50700-8d74-a34b-1055-7d81ab74fce3}"
EndProject
Project("{FAE04EC0-301F-11D3-BF4B-00C04F79EFBC}") = "Assembly-CSharp-Editor", "Assembly-CSharp-Editor.csproj", "{412988d1-7c48-dcd7-c560-3574cb0d8f9b}"
EndProject
Global
	GlobalSection(SolutionConfigurationPlatforms) = preSolution
		Debug|Any CPU = Debug|Any CPU
	EndGlobalSection
	GlobalSection(ProjectConfigurationPlatforms) = postSolution
		{59e50700-8d74-a34b-1055-7d81ab74fce3}.Debug|Any CPU.ActiveCfg = Debug|Any CPU
		{59e50700-8d74-a34b-1055-7d81ab74fce3}.Debug|Any CPU.Build.0 = Debug|Any CPU
		{412988d1-7c48-dcd7-c560-3574cb0d8f9b}.Debug|Any CPU.ActiveCfg = Debug|Any CPU
		{412988d1-7c48-dcd7-c560-3574cb0d8f9b}.Debug|Any CPU.Build.0 = Debug|Any CPU
	EndGlobalSection
	GlobalSection(SolutionProperties) = preSolution
		HideSolutionNode = FALSE
	EndGlobalSection
EndGlobal
